
Microsoft Visual Studio Solution File, Format Version 12.00
# Visual Studio Version 17
VisualStudioVersion = 17.10.35122.118
MinimumVisualStudioVersion = 10.0.40219.1
Project("{FAE04EC0-301F-11D3-BF4B-00C04F79EFBC}") = "Projeto Questionário", "Projeto Questionário\Projeto Questionário.csproj", "{9A1A36C9-9FE8-427B-B545-2414679728EA}"
EndProject
Global
	GlobalSection(SolutionConfigurationPlatforms) = preSolution
		Debug|Any CPU = Debug|Any CPU
		Release|Any CPU = Release|Any CPU
	EndGlobalSection
	GlobalSection(ProjectConfigurationPlatforms) = postSolution
		{9A1A36C9-9FE8-427B-B545-2414679728EA}.Debug|Any CPU.ActiveCfg = Debug|Any CPU
		{9A1A36C9-9FE8-427B-B545-2414679728EA}.Debug|Any CPU.Build.0 = Debug|Any CPU
		{9A1A36C9-9FE8-427B-B545-2414679728EA}.Release|Any CPU.ActiveCfg = Release|Any CPU
		{9A1A36C9-9FE8-427B-B545-2414679728EA}.Release|Any CPU.Build.0 = Release|Any CPU
	EndGlobalSection
	GlobalSection(SolutionProperties) = preSolution
		HideSolutionNode = FALSE
	EndGlobalSection
	GlobalSection(ExtensibilityGlobals) = postSolution
		SolutionGuid = {3C5B56EC-C5B2-43E2-9F62-8BC6C034B3FD}
	EndGlobalSection
EndGlobal
